
Microsoft Visual Studio Solution File, Format Version 12.00
# Visual Studio Version 16
VisualStudioVersion = 16.0.30804.86
MinimumVisualStudioVersion = 10.0.40219.1
Project("{FAE04EC0-301F-11D3-BF4B-00C04F79EFBC}") = "Lab1_UI_V2", "Lab1_UI_V2\Lab1_UI_V2.csproj", "{CADFD3AA-13C3-4C53-B4BF-5976F31D44B3}"
EndProject
Project("{FAE04EC0-301F-11D3-BF4B-00C04F79EFBC}") = "ClassLibrary", "ClassLibrary\ClassLibrary.csproj", "{CDE2401B-44FD-41EF-92E3-F16542A58781}"
EndProject
Global
	GlobalSection(SolutionConfigurationPlatforms) = preSolution
		Debug|Any CPU = Debug|Any CPU
		Release|Any CPU = Release|Any CPU
	EndGlobalSection
	GlobalSection(ProjectConfigurationPlatforms) = postSolution
		{CADFD3AA-13C3-4C53-B4BF-5976F31D44B3}.Debug|Any CPU.ActiveCfg = Debug|Any CPU
		{CADFD3AA-13C3-4C53-B4BF-5976F31D44B3}.Debug|Any CPU.Build.0 = Debug|Any CPU
		{CADFD3AA-13C3-4C53-B4BF-5976F31D44B3}.Release|Any CPU.ActiveCfg = Release|Any CPU
		{CADFD3AA-13C3-4C53-B4BF-5976F31D44B3}.Release|Any CPU.Build.0 = Release|Any CPU
		{CDE2401B-44FD-41EF-92E3-F16542A58781}.Debug|Any CPU.ActiveCfg = Debug|Any CPU
		{CDE2401B-44FD-41EF-92E3-F16542A58781}.Debug|Any CPU.Build.0 = Debug|Any CPU
		{CDE2401B-44FD-41EF-92E3-F16542A58781}.Release|Any CPU.ActiveCfg = Release|Any CPU
		{CDE2401B-44FD-41EF-92E3-F16542A58781}.Release|Any CPU.Build.0 = Release|Any CPU
	EndGlobalSection
	GlobalSection(SolutionProperties) = preSolution
		HideSolutionNode = FALSE
	EndGlobalSection
	GlobalSection(ExtensibilityGlobals) = postSolution
		SolutionGuid = {1A99D3B3-165E-4FB2-B7A7-1023369196DF}
	EndGlobalSection
EndGlobal
